// !$*UTF8*$!
{
	archiveVersion = 1;
	classes = {
	};
	objectVersion = 55;
	objects = {

/* Begin PBXBuildFile section */
		5C1F953E2884F62A00673975 /* PostViewController.swift in Sources */ = {isa = PBXBuildFile; fileRef = 5C1F953D2884F62A00673975 /* PostViewController.swift */; };
		5C1F95402884FF8700673975 /* InfoViewController.swift in Sources */ = {isa = PBXBuildFile; fileRef = 5C1F953F2884FF8700673975 /* InfoViewController.swift */; };
		5C582B68291429BC00ACC66F /* User.swift in Sources */ = {isa = PBXBuildFile; fileRef = 5C582B67291429BC00ACC66F /* User.swift */; };
		5C6A949028887249001016CE /* ProfileViewController.swift in Sources */ = {isa = PBXBuildFile; fileRef = 5C6A948F28887249001016CE /* ProfileViewController.swift */; };
		5C6C00B12919653600065E45 /* Checker.swift in Sources */ = {isa = PBXBuildFile; fileRef = 5C6C00B02919653600065E45 /* Checker.swift */; };
		5C6C00B329196C9800065E45 /* LoginInspector.swift in Sources */ = {isa = PBXBuildFile; fileRef = 5C6C00B229196C9800065E45 /* LoginInspector.swift */; };
		5C6C00B529196CF100065E45 /* LoginViewControllerDelegate.swift in Sources */ = {isa = PBXBuildFile; fileRef = 5C6C00B429196CF100065E45 /* LoginViewControllerDelegate.swift */; };
		5C6C00B72919736900065E45 /* LoginFactory.swift in Sources */ = {isa = PBXBuildFile; fileRef = 5C6C00B62919736900065E45 /* LoginFactory.swift */; };
		5C89A8DE29D44AE50042A607 /* CustomButton.swift in Sources */ = {isa = PBXBuildFile; fileRef = 5C89A8DD29D44AE50042A607 /* CustomButton.swift */; };
		5C89A8E029D44C970042A607 /* FeedModel.swift in Sources */ = {isa = PBXBuildFile; fileRef = 5C89A8DF29D44C970042A607 /* FeedModel.swift */; };
		5C8C2E90287EDC9B00E68583 /* AppDelegate.swift in Sources */ = {isa = PBXBuildFile; fileRef = 5C8C2E8F287EDC9B00E68583 /* AppDelegate.swift */; };
		5C8C2E92287EDC9B00E68583 /* SceneDelegate.swift in Sources */ = {isa = PBXBuildFile; fileRef = 5C8C2E91287EDC9B00E68583 /* SceneDelegate.swift */; };
		5C8C2E99287EDC9D00E68583 /* Assets.xcassets in Resources */ = {isa = PBXBuildFile; fileRef = 5C8C2E98287EDC9D00E68583 /* Assets.xcassets */; };
		5C8C2E9C287EDC9D00E68583 /* LaunchScreen.storyboard in Resources */ = {isa = PBXBuildFile; fileRef = 5C8C2E9A287EDC9D00E68583 /* LaunchScreen.storyboard */; };
		5C98257229CAB98F004EFF88 /* iOSIntPackage in Frameworks */ = {isa = PBXBuildFile; productRef = 5C98257129CAB98F004EFF88 /* iOSIntPackage */; };
		5CAD042F28832D940061A48B /* FeedViewController.swift in Sources */ = {isa = PBXBuildFile; fileRef = 5CAD042E28832D940061A48B /* FeedViewController.swift */; };
		5CB24F8828B4F65600232634 /* LogInViewController.swift in Sources */ = {isa = PBXBuildFile; fileRef = 5CB24F8728B4F65600232634 /* LogInViewController.swift */; };
		5CE8699C28C62E4800DAF27F /* PostTableViewCell.swift in Sources */ = {isa = PBXBuildFile; fileRef = 5CE8699B28C62E4800DAF27F /* PostTableViewCell.swift */; };
		5CE8699E28C631DC00DAF27F /* ProfileTableHeaderView.swift in Sources */ = {isa = PBXBuildFile; fileRef = 5CE8699D28C631DC00DAF27F /* ProfileTableHeaderView.swift */; };
		5CE869A128CB3CD000DAF27F /* PhotosTableViewCell.swift in Sources */ = {isa = PBXBuildFile; fileRef = 5CE869A028CB3CD000DAF27F /* PhotosTableViewCell.swift */; };
		5CE869A328CB3E8D00DAF27F /* PhotosCollectionViewCell.swift in Sources */ = {isa = PBXBuildFile; fileRef = 5CE869A228CB3E8D00DAF27F /* PhotosCollectionViewCell.swift */; };
		5CE869A728CB475900DAF27F /* PhotosViewController.swift in Sources */ = {isa = PBXBuildFile; fileRef = 5CE869A628CB475900DAF27F /* PhotosViewController.swift */; };
		5CE869A928CB47D300DAF27F /* ProfileCollectionViewCell.swift in Sources */ = {isa = PBXBuildFile; fileRef = 5CE869A828CB47D300DAF27F /* ProfileCollectionViewCell.swift */; };
		F7C7CC052A3216130065162A /* SnapKit in Frameworks */ = {isa = PBXBuildFile; productRef = F7C7CC042A3216130065162A /* SnapKit */; };
		F7C7CC062A32164B0065162A /* Post.swift in Sources */ = {isa = PBXBuildFile; fileRef = 5C77FAC528847EAD0044A0A1 /* Post.swift */; };
/* End PBXBuildFile section */

/* Begin PBXCopyFilesBuildPhase section */
		5C5CD0AA29094F5400F7EF0D /* Embed Frameworks */ = {
			isa = PBXCopyFilesBuildPhase;
			buildActionMask = 2147483647;
			dstPath = "";
			dstSubfolderSpec = 10;
			files = (
			);
			name = "Embed Frameworks";
			runOnlyForDeploymentPostprocessing = 0;
		};
/* End PBXCopyFilesBuildPhase section */

/* Begin PBXFileReference section */
		5C1F953D2884F62A00673975 /* PostViewController.swift */ = {isa = PBXFileReference; lastKnownFileType = sourcecode.swift; path = PostViewController.swift; sourceTree = "<group>"; };
		5C1F953F2884FF8700673975 /* InfoViewController.swift */ = {isa = PBXFileReference; lastKnownFileType = sourcecode.swift; path = InfoViewController.swift; sourceTree = "<group>"; };
		5C582B67291429BC00ACC66F /* User.swift */ = {isa = PBXFileReference; lastKnownFileType = sourcecode.swift; path = User.swift; sourceTree = "<group>"; };
		5C6A948F28887249001016CE /* ProfileViewController.swift */ = {isa = PBXFileReference; lastKnownFileType = sourcecode.swift; path = ProfileViewController.swift; sourceTree = "<group>"; };
		5C6C00B02919653600065E45 /* Checker.swift */ = {isa = PBXFileReference; lastKnownFileType = sourcecode.swift; path = Checker.swift; sourceTree = "<group>"; };
		5C6C00B229196C9800065E45 /* LoginInspector.swift */ = {isa = PBXFileReference; lastKnownFileType = sourcecode.swift; path = LoginInspector.swift; sourceTree = "<group>"; };
		5C6C00B429196CF100065E45 /* LoginViewControllerDelegate.swift */ = {isa = PBXFileReference; lastKnownFileType = sourcecode.swift; path = LoginViewControllerDelegate.swift; sourceTree = "<group>"; };
		5C6C00B62919736900065E45 /* LoginFactory.swift */ = {isa = PBXFileReference; lastKnownFileType = sourcecode.swift; path = LoginFactory.swift; sourceTree = "<group>"; };
		5C77FAC528847EAD0044A0A1 /* Post.swift */ = {isa = PBXFileReference; lastKnownFileType = sourcecode.swift; path = Post.swift; sourceTree = "<group>"; };
		5C89A8DD29D44AE50042A607 /* CustomButton.swift */ = {isa = PBXFileReference; lastKnownFileType = sourcecode.swift; path = CustomButton.swift; sourceTree = "<group>"; };
		5C89A8DF29D44C970042A607 /* FeedModel.swift */ = {isa = PBXFileReference; lastKnownFileType = sourcecode.swift; path = FeedModel.swift; sourceTree = "<group>"; };
		5C8C2E8F287EDC9B00E68583 /* AppDelegate.swift */ = {isa = PBXFileReference; lastKnownFileType = sourcecode.swift; path = AppDelegate.swift; sourceTree = "<group>"; };
		5C8C2E91287EDC9B00E68583 /* SceneDelegate.swift */ = {isa = PBXFileReference; lastKnownFileType = sourcecode.swift; path = SceneDelegate.swift; sourceTree = "<group>"; };
		5C8C2E98287EDC9D00E68583 /* Assets.xcassets */ = {isa = PBXFileReference; lastKnownFileType = folder.assetcatalog; path = Assets.xcassets; sourceTree = "<group>"; };
		5C8C2E9B287EDC9D00E68583 /* Base */ = {isa = PBXFileReference; lastKnownFileType = file.storyboard; name = Base; path = Base.lproj/LaunchScreen.storyboard; sourceTree = "<group>"; };
		5C8C2E9D287EDC9D00E68583 /* Info.plist */ = {isa = PBXFileReference; lastKnownFileType = text.plist.xml; path = Info.plist; sourceTree = "<group>"; };
		5CAD042E28832D940061A48B /* FeedViewController.swift */ = {isa = PBXFileReference; lastKnownFileType = sourcecode.swift; path = FeedViewController.swift; sourceTree = "<group>"; };
		5CB24F8728B4F65600232634 /* LogInViewController.swift */ = {isa = PBXFileReference; lastKnownFileType = sourcecode.swift; name = LogInViewController.swift; path = Navigation/Profile/LoginCheck/LogInViewController.swift; sourceTree = SOURCE_ROOT; };
		5CE8699B28C62E4800DAF27F /* PostTableViewCell.swift */ = {isa = PBXFileReference; lastKnownFileType = sourcecode.swift; path = PostTableViewCell.swift; sourceTree = "<group>"; };
		5CE8699D28C631DC00DAF27F /* ProfileTableHeaderView.swift */ = {isa = PBXFileReference; lastKnownFileType = sourcecode.swift; path = ProfileTableHeaderView.swift; sourceTree = "<group>"; };
		5CE869A028CB3CD000DAF27F /* PhotosTableViewCell.swift */ = {isa = PBXFileReference; lastKnownFileType = sourcecode.swift; path = PhotosTableViewCell.swift; sourceTree = "<group>"; };
		5CE869A228CB3E8D00DAF27F /* PhotosCollectionViewCell.swift */ = {isa = PBXFileReference; lastKnownFileType = sourcecode.swift; path = PhotosCollectionViewCell.swift; sourceTree = "<group>"; };
		5CE869A628CB475900DAF27F /* PhotosViewController.swift */ = {isa = PBXFileReference; lastKnownFileType = sourcecode.swift; path = PhotosViewController.swift; sourceTree = "<group>"; };
		5CE869A828CB47D300DAF27F /* ProfileCollectionViewCell.swift */ = {isa = PBXFileReference; lastKnownFileType = sourcecode.swift; path = ProfileCollectionViewCell.swift; sourceTree = "<group>"; };
		F738912C2A33A3B6006A24CA /* Navigation.app */ = {isa = PBXFileReference; explicitFileType = wrapper.application; includeInIndex = 0; path = Navigation.app; sourceTree = BUILT_PRODUCTS_DIR; };
/* End PBXFileReference section */

/* Begin PBXFrameworksBuildPhase section */
		5C8C2E89287EDC9B00E68583 /* Frameworks */ = {
			isa = PBXFrameworksBuildPhase;
			buildActionMask = 2147483647;
			files = (
				F7C7CC052A3216130065162A /* SnapKit in Frameworks */,
				5C98257229CAB98F004EFF88 /* iOSIntPackage in Frameworks */,
			);
			runOnlyForDeploymentPostprocessing = 0;
		};
/* End PBXFrameworksBuildPhase section */

/* Begin PBXGroup section */
		5C582B652914298400ACC66F /* LoginCheck */ = {
			isa = PBXGroup;
			children = (
				5CB24F8728B4F65600232634 /* LogInViewController.swift */,
				5C6C00B429196CF100065E45 /* LoginViewControllerDelegate.swift */,
				5C582B67291429BC00ACC66F /* User.swift */,
				5C6C00B02919653600065E45 /* Checker.swift */,
				5C6C00B229196C9800065E45 /* LoginInspector.swift */,
				5C6C00B62919736900065E45 /* LoginFactory.swift */,
			);
			path = LoginCheck;
			sourceTree = "<group>";
		};
		5C6A948C288871C5001016CE /* Profile */ = {
			isa = PBXGroup;
			children = (
				5C582B652914298400ACC66F /* LoginCheck */,
				5CE869A028CB3CD000DAF27F /* PhotosTableViewCell.swift */,
				5CE869A828CB47D300DAF27F /* ProfileCollectionViewCell.swift */,
				5CE869A628CB475900DAF27F /* PhotosViewController.swift */,
				5CE869A228CB3E8D00DAF27F /* PhotosCollectionViewCell.swift */,
				5C6A948F28887249001016CE /* ProfileViewController.swift */,
				5CE8699D28C631DC00DAF27F /* ProfileTableHeaderView.swift */,
				5CE8699B28C62E4800DAF27F /* PostTableViewCell.swift */,
				5C77FAC528847EAD0044A0A1 /* Post.swift */,
			);
			path = Profile;
			sourceTree = "<group>";
		};
		5C89A8DC29D44A9E0042A607 /* Feed */ = {
			isa = PBXGroup;
			children = (
				5CAD042E28832D940061A48B /* FeedViewController.swift */,
				5C89A8DF29D44C970042A607 /* FeedModel.swift */,
				5C89A8DD29D44AE50042A607 /* CustomButton.swift */,
			);
			path = Feed;
			sourceTree = "<group>";
		};
		5C8C2E83287EDC9B00E68583 = {
			isa = PBXGroup;
			children = (
				5C8C2E8E287EDC9B00E68583 /* Navigation */,
				F738912C2A33A3B6006A24CA /* Navigation.app */,
			);
			sourceTree = "<group>";
		};
		5C8C2E8E287EDC9B00E68583 /* Navigation */ = {
			isa = PBXGroup;
			children = (
				5C8C2E8F287EDC9B00E68583 /* AppDelegate.swift */,
				5C8C2E91287EDC9B00E68583 /* SceneDelegate.swift */,
				5C1F953F2884FF8700673975 /* InfoViewController.swift */,
				5C1F953D2884F62A00673975 /* PostViewController.swift */,
				5C89A8DC29D44A9E0042A607 /* Feed */,
				5C6A948C288871C5001016CE /* Profile */,
				5C8C2E98287EDC9D00E68583 /* Assets.xcassets */,
				5C8C2E9A287EDC9D00E68583 /* LaunchScreen.storyboard */,
				5C8C2E9D287EDC9D00E68583 /* Info.plist */,
			);
			path = Navigation;
			sourceTree = "<group>";
		};
/* End PBXGroup section */

/* Begin PBXNativeTarget section */
		5C8C2E8B287EDC9B00E68583 /* Navigation */ = {
			isa = PBXNativeTarget;
			buildConfigurationList = 5C8C2EB6287EDC9E00E68583 /* Build configuration list for PBXNativeTarget "Navigation" */;
			buildPhases = (
				5C8C2E88287EDC9B00E68583 /* Sources */,
				5C8C2E89287EDC9B00E68583 /* Frameworks */,
				5C8C2E8A287EDC9B00E68583 /* Resources */,
				5C5CD0AA29094F5400F7EF0D /* Embed Frameworks */,
			);
			buildRules = (
			);
			dependencies = (
			);
			name = Navigation;
			packageProductDependencies = (
				5C98257129CAB98F004EFF88 /* iOSIntPackage */,
				F7C7CC042A3216130065162A /* SnapKit */,
			);
			productName = Navigation;
			productReference = F738912C2A33A3B6006A24CA /* Navigation.app */;
			productType = "com.apple.product-type.application";
		};
/* End PBXNativeTarget section */

/* Begin PBXProject section */
		5C8C2E84287EDC9B00E68583 /* Project object */ = {
			isa = PBXProject;
			attributes = {
				BuildIndependentTargetsInParallel = 1;
				LastSwiftUpdateCheck = 1340;
				LastUpgradeCheck = 1400;
				TargetAttributes = {
					5C8C2E8B287EDC9B00E68583 = {
						CreatedOnToolsVersion = 13.4.1;
					};
				};
			};
			buildConfigurationList = 5C8C2E87287EDC9B00E68583 /* Build configuration list for PBXProject "Navigation" */;
			compatibilityVersion = "Xcode 13.0";
			developmentRegion = en;
			hasScannedForEncodings = 0;
			knownRegions = (
				en,
				Base,
			);
			mainGroup = 5C8C2E83287EDC9B00E68583;
			packageReferences = (
				5C98257029CAB98F004EFF88 /* XCRemoteSwiftPackageReference "iOSIntPackage" */,
				F7C7CC032A3216130065162A /* XCRemoteSwiftPackageReference "SnapKit" */,
			);
			productRefGroup = 5C8C2E83287EDC9B00E68583;
			projectDirPath = "";
			projectRoot = "";
			targets = (
				5C8C2E8B287EDC9B00E68583 /* Navigation */,
			);
		};
/* End PBXProject section */

/* Begin PBXResourcesBuildPhase section */
		5C8C2E8A287EDC9B00E68583 /* Resources */ = {
			isa = PBXResourcesBuildPhase;
			buildActionMask = 2147483647;
			files = (
				5C8C2E9C287EDC9D00E68583 /* LaunchScreen.storyboard in Resources */,
				5C8C2E99287EDC9D00E68583 /* Assets.xcassets in Resources */,
			);
			runOnlyForDeploymentPostprocessing = 0;
		};
/* End PBXResourcesBuildPhase section */

/* Begin PBXSourcesBuildPhase section */
		5C8C2E88287EDC9B00E68583 /* Sources */ = {
			isa = PBXSourcesBuildPhase;
			buildActionMask = 2147483647;
			files = (
				5CE869A128CB3CD000DAF27F /* PhotosTableViewCell.swift in Sources */,
				5C89A8DE29D44AE50042A607 /* CustomButton.swift in Sources */,
				5C6C00B12919653600065E45 /* Checker.swift in Sources */,
				5C8C2E90287EDC9B00E68583 /* AppDelegate.swift in Sources */,
				5CE869A928CB47D300DAF27F /* ProfileCollectionViewCell.swift in Sources */,
				5C1F953E2884F62A00673975 /* PostViewController.swift in Sources */,
				5CB24F8828B4F65600232634 /* LogInViewController.swift in Sources */,
				5C89A8E029D44C970042A607 /* FeedModel.swift in Sources */,
				5CE869A328CB3E8D00DAF27F /* PhotosCollectionViewCell.swift in Sources */,
				5C582B68291429BC00ACC66F /* User.swift in Sources */,
				5C6C00B529196CF100065E45 /* LoginViewControllerDelegate.swift in Sources */,
				5CAD042F28832D940061A48B /* FeedViewController.swift in Sources */,
				F7C7CC062A32164B0065162A /* Post.swift in Sources */,
				5C1F95402884FF8700673975 /* InfoViewController.swift in Sources */,
				5CE869A728CB475900DAF27F /* PhotosViewController.swift in Sources */,
				5C6A949028887249001016CE /* ProfileViewController.swift in Sources */,
				5CE8699C28C62E4800DAF27F /* PostTableViewCell.swift in Sources */,
				5C6C00B72919736900065E45 /* LoginFactory.swift in Sources */,
				5C8C2E92287EDC9B00E68583 /* SceneDelegate.swift in Sources */,
				5CE8699E28C631DC00DAF27F /* ProfileTableHeaderView.swift in Sources */,
				5C6C00B329196C9800065E45 /* LoginInspector.swift in Sources */,
			);
			runOnlyForDeploymentPostprocessing = 0;
		};
/* End PBXSourcesBuildPhase section */

/* Begin PBXVariantGroup section */
		5C8C2E9A287EDC9D00E68583 /* LaunchScreen.storyboard */ = {
			isa = PBXVariantGroup;
			children = (
				5C8C2E9B287EDC9D00E68583 /* Base */,
			);
			name = LaunchScreen.storyboard;
			sourceTree = "<group>";
		};
/* End PBXVariantGroup section */

/* Begin XCBuildConfiguration section */
		5C8C2EB4287EDC9E00E68583 /* Debug */ = {
			isa = XCBuildConfiguration;
			buildSettings = {
				ALWAYS_SEARCH_USER_PATHS = NO;
				CLANG_ANALYZER_NONNULL = YES;
				CLANG_ANALYZER_NUMBER_OBJECT_CONVERSION = YES_AGGRESSIVE;
				CLANG_CXX_LANGUAGE_STANDARD = "gnu++17";
				CLANG_ENABLE_MODULES = YES;
				CLANG_ENABLE_OBJC_ARC = YES;
				CLANG_ENABLE_OBJC_WEAK = YES;
				CLANG_WARN_BLOCK_CAPTURE_AUTORELEASING = YES;
				CLANG_WARN_BOOL_CONVERSION = YES;
				CLANG_WARN_COMMA = YES;
				CLANG_WARN_CONSTANT_CONVERSION = YES;
				CLANG_WARN_DEPRECATED_OBJC_IMPLEMENTATIONS = YES;
				CLANG_WARN_DIRECT_OBJC_ISA_USAGE = YES_ERROR;
				CLANG_WARN_DOCUMENTATION_COMMENTS = YES;
				CLANG_WARN_EMPTY_BODY = YES;
				CLANG_WARN_ENUM_CONVERSION = YES;
				CLANG_WARN_INFINITE_RECURSION = YES;
				CLANG_WARN_INT_CONVERSION = YES;
				CLANG_WARN_NON_LITERAL_NULL_CONVERSION = YES;
				CLANG_WARN_OBJC_IMPLICIT_RETAIN_SELF = YES;
				CLANG_WARN_OBJC_LITERAL_CONVERSION = YES;
				CLANG_WARN_OBJC_ROOT_CLASS = YES_ERROR;
				CLANG_WARN_QUOTED_INCLUDE_IN_FRAMEWORK_HEADER = YES;
				CLANG_WARN_RANGE_LOOP_ANALYSIS = YES;
				CLANG_WARN_STRICT_PROTOTYPES = YES;
				CLANG_WARN_SUSPICIOUS_MOVE = YES;
				CLANG_WARN_UNGUARDED_AVAILABILITY = YES_AGGRESSIVE;
				CLANG_WARN_UNREACHABLE_CODE = YES;
				CLANG_WARN__DUPLICATE_METHOD_MATCH = YES;
				COPY_PHASE_STRIP = NO;
				DEBUG_INFORMATION_FORMAT = dwarf;
				ENABLE_STRICT_OBJC_MSGSEND = YES;
				ENABLE_TESTABILITY = YES;
				GCC_C_LANGUAGE_STANDARD = gnu11;
				GCC_DYNAMIC_NO_PIC = NO;
				GCC_NO_COMMON_BLOCKS = YES;
				GCC_OPTIMIZATION_LEVEL = 0;
				GCC_PREPROCESSOR_DEFINITIONS = (
					"DEBUG=1",
					"$(inherited)",
				);
				GCC_WARN_64_TO_32_BIT_CONVERSION = YES;
				GCC_WARN_ABOUT_RETURN_TYPE = YES_ERROR;
				GCC_WARN_UNDECLARED_SELECTOR = YES;
				GCC_WARN_UNINITIALIZED_AUTOS = YES_AGGRESSIVE;
				GCC_WARN_UNUSED_FUNCTION = YES;
				GCC_WARN_UNUSED_VARIABLE = YES;
				IPHONEOS_DEPLOYMENT_TARGET = 15.5;
				MTL_ENABLE_DEBUG_INFO = INCLUDE_SOURCE;
				MTL_FAST_MATH = YES;
				ONLY_ACTIVE_ARCH = YES;
				SDKROOT = iphoneos;
				SWIFT_ACTIVE_COMPILATION_CONDITIONS = DEBUG;
				SWIFT_OPTIMIZATION_LEVEL = "-Onone";
			};
			name = Debug;
		};
		5C8C2EB5287EDC9E00E68583 /* Release */ = {
			isa = XCBuildConfiguration;
			buildSettings = {
				ALWAYS_SEARCH_USER_PATHS = NO;
				CLANG_ANALYZER_NONNULL = YES;
				CLANG_ANALYZER_NUMBER_OBJECT_CONVERSION = YES_AGGRESSIVE;
				CLANG_CXX_LANGUAGE_STANDARD = "gnu++17";
				CLANG_ENABLE_MODULES = YES;
				CLANG_ENABLE_OBJC_ARC = YES;
				CLANG_ENABLE_OBJC_WEAK = YES;
				CLANG_WARN_BLOCK_CAPTURE_AUTORELEASING = YES;
				CLANG_WARN_BOOL_CONVERSION = YES;
				CLANG_WARN_COMMA = YES;
				CLANG_WARN_CONSTANT_CONVERSION = YES;
				CLANG_WARN_DEPRECATED_OBJC_IMPLEMENTATIONS = YES;
				CLANG_WARN_DIRECT_OBJC_ISA_USAGE = YES_ERROR;
				CLANG_WARN_DOCUMENTATION_COMMENTS = YES;
				CLANG_WARN_EMPTY_BODY = YES;
				CLANG_WARN_ENUM_CONVERSION = YES;
				CLANG_WARN_INFINITE_RECURSION = YES;
				CLANG_WARN_INT_CONVERSION = YES;
				CLANG_WARN_NON_LITERAL_NULL_CONVERSION = YES;
				CLANG_WARN_OBJC_IMPLICIT_RETAIN_SELF = YES;
				CLANG_WARN_OBJC_LITERAL_CONVERSION = YES;
				CLANG_WARN_OBJC_ROOT_CLASS = YES_ERROR;
				CLANG_WARN_QUOTED_INCLUDE_IN_FRAMEWORK_HEADER = YES;
				CLANG_WARN_RANGE_LOOP_ANALYSIS = YES;
				CLANG_WARN_STRICT_PROTOTYPES = YES;
				CLANG_WARN_SUSPICIOUS_MOVE = YES;
				CLANG_WARN_UNGUARDED_AVAILABILITY = YES_AGGRESSIVE;
				CLANG_WARN_UNREACHABLE_CODE = YES;
				CLANG_WARN__DUPLICATE_METHOD_MATCH = YES;
				COPY_PHASE_STRIP = NO;
				DEBUG_INFORMATION_FORMAT = "dwarf-with-dsym";
				ENABLE_NS_ASSERTIONS = NO;
				ENABLE_STRICT_OBJC_MSGSEND = YES;
				GCC_C_LANGUAGE_STANDARD = gnu11;
				GCC_NO_COMMON_BLOCKS = YES;
				GCC_WARN_64_TO_32_BIT_CONVERSION = YES;
				GCC_WARN_ABOUT_RETURN_TYPE = YES_ERROR;
				GCC_WARN_UNDECLARED_SELECTOR = YES;
				GCC_WARN_UNINITIALIZED_AUTOS = YES_AGGRESSIVE;
				GCC_WARN_UNUSED_FUNCTION = YES;
				GCC_WARN_UNUSED_VARIABLE = YES;
				IPHONEOS_DEPLOYMENT_TARGET = 15.5;
				MTL_ENABLE_DEBUG_INFO = NO;
				MTL_FAST_MATH = YES;
				SDKROOT = iphoneos;
				SWIFT_COMPILATION_MODE = wholemodule;
				SWIFT_OPTIMIZATION_LEVEL = "-O";
				VALIDATE_PRODUCT = YES;
			};
			name = Release;
		};
		5C8C2EB7287EDC9E00E68583 /* Debug */ = {
			isa = XCBuildConfiguration;
			buildSettings = {
				ALWAYS_EMBED_SWIFT_STANDARD_LIBRARIES = YES;
				ASSETCATALOG_COMPILER_APPICON_NAME = AppIcon;
				ASSETCATALOG_COMPILER_GLOBAL_ACCENT_COLOR_NAME = AccentColor;
				CODE_SIGN_IDENTITY = "Apple Development";
				CODE_SIGN_STYLE = Automatic;
				CURRENT_PROJECT_VERSION = 1;
				DEVELOPMENT_TEAM = "";
				GENERATE_INFOPLIST_FILE = YES;
				INFOPLIST_FILE = Navigation/Info.plist;
				INFOPLIST_KEY_UIApplicationSupportsIndirectInputEvents = YES;
				INFOPLIST_KEY_UILaunchStoryboardName = LaunchScreen;
				INFOPLIST_KEY_UIStatusBarHidden = NO;
				INFOPLIST_KEY_UIStatusBarStyle = UIStatusBarStyleDefault;
				INFOPLIST_KEY_UISupportedInterfaceOrientations_iPad = "UIInterfaceOrientationPortrait UIInterfaceOrientationPortraitUpsideDown UIInterfaceOrientationLandscapeLeft UIInterfaceOrientationLandscapeRight";
				INFOPLIST_KEY_UISupportedInterfaceOrientations_iPhone = "UIInterfaceOrientationPortrait UIInterfaceOrientationLandscapeLeft UIInterfaceOrientationLandscapeRight";
				IPHONEOS_DEPLOYMENT_TARGET = 16.0;
				LD_RUNPATH_SEARCH_PATHS = (
					"$(inherited)",
					"@executable_path/Frameworks",
				);
				MARKETING_VERSION = 1.0;
				PRODUCT_BUNDLE_IDENTIFIER = "com.Netology-IB-Instruments.Navigation";
				PRODUCT_NAME = "$(TARGET_NAME)";
				PROVISIONING_PROFILE_SPECIFIER = "";
				SWIFT_EMIT_LOC_STRINGS = YES;
				SWIFT_VERSION = 5.0;
				TARGETED_DEVICE_FAMILY = "1,2";
			};
			name = Debug;
		};
		5C8C2EB8287EDC9E00E68583 /* Release */ = {
			isa = XCBuildConfiguration;
			buildSettings = {
				ALWAYS_EMBED_SWIFT_STANDARD_LIBRARIES = YES;
				ASSETCATALOG_COMPILER_APPICON_NAME = AppIcon;
				ASSETCATALOG_COMPILER_GLOBAL_ACCENT_COLOR_NAME = AccentColor;
				CODE_SIGN_IDENTITY = "Apple Development";
				CODE_SIGN_STYLE = Automatic;
				CURRENT_PROJECT_VERSION = 1;
				DEVELOPMENT_TEAM = "";
				GENERATE_INFOPLIST_FILE = YES;
				INFOPLIST_FILE = Navigation/Info.plist;
				INFOPLIST_KEY_UIApplicationSupportsIndirectInputEvents = YES;
				INFOPLIST_KEY_UILaunchStoryboardName = LaunchScreen;
				INFOPLIST_KEY_UIStatusBarHidden = NO;
				INFOPLIST_KEY_UIStatusBarStyle = UIStatusBarStyleDefault;
				INFOPLIST_KEY_UISupportedInterfaceOrientations_iPad = "UIInterfaceOrientationPortrait UIInterfaceOrientationPortraitUpsideDown UIInterfaceOrientationLandscapeLeft UIInterfaceOrientationLandscapeRight";
				INFOPLIST_KEY_UISupportedInterfaceOrientations_iPhone = "UIInterfaceOrientationPortrait UIInterfaceOrientationLandscapeLeft UIInterfaceOrientationLandscapeRight";
				IPHONEOS_DEPLOYMENT_TARGET = 16.0;
				LD_RUNPATH_SEARCH_PATHS = (
					"$(inherited)",
					"@executable_path/Frameworks",
				);
				MARKETING_VERSION = 1.0;
				PRODUCT_BUNDLE_IDENTIFIER = "com.Netology-IB-Instruments.Navigation";
				PRODUCT_NAME = "$(TARGET_NAME)";
				PROVISIONING_PROFILE_SPECIFIER = "";
				SWIFT_EMIT_LOC_STRINGS = YES;
				SWIFT_VERSION = 5.0;
				TARGETED_DEVICE_FAMILY = "1,2";
			};
			name = Release;
		};
/* End XCBuildConfiguration section */

/* Begin XCConfigurationList section */
		5C8C2E87287EDC9B00E68583 /* Build configuration list for PBXProject "Navigation" */ = {
			isa = XCConfigurationList;
			buildConfigurations = (
				5C8C2EB4287EDC9E00E68583 /* Debug */,
				5C8C2EB5287EDC9E00E68583 /* Release */,
			);
			defaultConfigurationIsVisible = 0;
			defaultConfigurationName = Release;
		};
		5C8C2EB6287EDC9E00E68583 /* Build configuration list for PBXNativeTarget "Navigation" */ = {
			isa = XCConfigurationList;
			buildConfigurations = (
				5C8C2EB7287EDC9E00E68583 /* Debug */,
				5C8C2EB8287EDC9E00E68583 /* Release */,
			);
			defaultConfigurationIsVisible = 0;
			defaultConfigurationName = Release;
		};
/* End XCConfigurationList section */

/* Begin XCRemoteSwiftPackageReference section */
		5C98257029CAB98F004EFF88 /* XCRemoteSwiftPackageReference "iOSIntPackage" */ = {
			isa = XCRemoteSwiftPackageReference;
			repositoryURL = "https://github.com/TrueMax/iOSIntPackage.git";
			requirement = {
				kind = upToNextMajorVersion;
				minimumVersion = 3.2.3;
			};
		};
		F7C7CC032A3216130065162A /* XCRemoteSwiftPackageReference "SnapKit" */ = {
			isa = XCRemoteSwiftPackageReference;
			repositoryURL = "https://github.com/SnapKit/SnapKit.git";
			requirement = {
				kind = upToNextMajorVersion;
				minimumVersion = 5.0.0;
			};
		};
/* End XCRemoteSwiftPackageReference section */

/* Begin XCSwiftPackageProductDependency section */
		5C98257129CAB98F004EFF88 /* iOSIntPackage */ = {
			isa = XCSwiftPackageProductDependency;
			package = 5C98257029CAB98F004EFF88 /* XCRemoteSwiftPackageReference "iOSIntPackage" */;
			productName = iOSIntPackage;
		};
		F7C7CC042A3216130065162A /* SnapKit */ = {
			isa = XCSwiftPackageProductDependency;
			package = F7C7CC032A3216130065162A /* XCRemoteSwiftPackageReference "SnapKit" */;
			productName = SnapKit;
		};
/* End XCSwiftPackageProductDependency section */
	};
	rootObject = 5C8C2E84287EDC9B00E68583 /* Project object */;
}
